// !$*UTF8*$!
{
	archiveVersion = 1;
	classes = {
	};
	objectVersion = 56;
	objects = {

/* Begin PBXBuildFile section */
		312BFF192967821700DAB5B5 /* main.swift in Sources */ = {isa = PBXBuildFile; fileRef = 312BFF182967821700DAB5B5 /* main.swift */; };
		31666E832980FB1A00079FB6 /* Central.swift in Sources */ = {isa = PBXBuildFile; fileRef = 31666E822980FB1A00079FB6 /* Central.swift */; };
		31666E852980FB4E00079FB6 /* utils.swift in Sources */ = {isa = PBXBuildFile; fileRef = 31666E842980FB4E00079FB6 /* utils.swift */; };
		31666E872980FCC500079FB6 /* BluetoothData.swift in Sources */ = {isa = PBXBuildFile; fileRef = 31666E862980FCC500079FB6 /* BluetoothData.swift */; };
		31666E892980FDC700079FB6 /* ProxiedPeripheral.swift in Sources */ = {isa = PBXBuildFile; fileRef = 31666E882980FDC700079FB6 /* ProxiedPeripheral.swift */; };
		31666E8B2980FDFF00079FB6 /* PeripheralProxy.swift in Sources */ = {isa = PBXBuildFile; fileRef = 31666E8A2980FDFF00079FB6 /* PeripheralProxy.swift */; };
		31666E8E2994B51700079FB6 /* EventDrivenSwift in Frameworks */ = {isa = PBXBuildFile; productRef = 31666E8D2994B51700079FB6 /* EventDrivenSwift */; };
		31666E9029BBCFE200079FB6 /* PeripheralRegistration.swift in Sources */ = {isa = PBXBuildFile; fileRef = 31666E8F29BBCFE200079FB6 /* PeripheralRegistration.swift */; };
		31666E9229BEAE2A00079FB6 /* PeripheralRegistry.swift in Sources */ = {isa = PBXBuildFile; fileRef = 31666E9129BEAE2A00079FB6 /* PeripheralRegistry.swift */; };
		31666E9429C9165800079FB6 /* State.swift in Sources */ = {isa = PBXBuildFile; fileRef = 31666E9329C9165800079FB6 /* State.swift */; };
		31666E9629F63E6200079FB6 /* ServicesState.swift in Sources */ = {isa = PBXBuildFile; fileRef = 31666E9529F63E6200079FB6 /* ServicesState.swift */; };
		31666E9829F641A400079FB6 /* ServiceState.swift in Sources */ = {isa = PBXBuildFile; fileRef = 31666E9729F641A400079FB6 /* ServiceState.swift */; };
/* End PBXBuildFile section */

/* Begin PBXCopyFilesBuildPhase section */
		312BFF132967821700DAB5B5 /* CopyFiles */ = {
			isa = PBXCopyFilesBuildPhase;
			buildActionMask = 2147483647;
			dstPath = /usr/share/man/man1/;
			dstSubfolderSpec = 0;
			files = (
			);
			runOnlyForDeploymentPostprocessing = 1;
		};
/* End PBXCopyFilesBuildPhase section */

/* Begin PBXFileReference section */
		312BFF152967821700DAB5B5 /* Toothy CLI */ = {isa = PBXFileReference; explicitFileType = "compiled.mach-o.executable"; includeInIndex = 0; path = "Toothy CLI"; sourceTree = BUILT_PRODUCTS_DIR; };
		312BFF182967821700DAB5B5 /* main.swift */ = {isa = PBXFileReference; lastKnownFileType = sourcecode.swift; path = main.swift; sourceTree = "<group>"; };
		31666E822980FB1A00079FB6 /* Central.swift */ = {isa = PBXFileReference; lastKnownFileType = sourcecode.swift; path = Central.swift; sourceTree = "<group>"; };
		31666E842980FB4E00079FB6 /* utils.swift */ = {isa = PBXFileReference; lastKnownFileType = sourcecode.swift; path = utils.swift; sourceTree = "<group>"; };
		31666E862980FCC500079FB6 /* BluetoothData.swift */ = {isa = PBXFileReference; lastKnownFileType = sourcecode.swift; path = BluetoothData.swift; sourceTree = "<group>"; };
		31666E882980FDC700079FB6 /* ProxiedPeripheral.swift */ = {isa = PBXFileReference; lastKnownFileType = sourcecode.swift; path = ProxiedPeripheral.swift; sourceTree = "<group>"; };
		31666E8A2980FDFF00079FB6 /* PeripheralProxy.swift */ = {isa = PBXFileReference; lastKnownFileType = sourcecode.swift; path = PeripheralProxy.swift; sourceTree = "<group>"; };
		31666E8F29BBCFE200079FB6 /* PeripheralRegistration.swift */ = {isa = PBXFileReference; lastKnownFileType = sourcecode.swift; path = PeripheralRegistration.swift; sourceTree = "<group>"; };
		31666E9129BEAE2A00079FB6 /* PeripheralRegistry.swift */ = {isa = PBXFileReference; lastKnownFileType = sourcecode.swift; path = PeripheralRegistry.swift; sourceTree = "<group>"; };
		31666E9329C9165800079FB6 /* State.swift */ = {isa = PBXFileReference; lastKnownFileType = sourcecode.swift; path = State.swift; sourceTree = "<group>"; };
		31666E9529F63E6200079FB6 /* ServicesState.swift */ = {isa = PBXFileReference; lastKnownFileType = sourcecode.swift; path = ServicesState.swift; sourceTree = "<group>"; };
		31666E9729F641A400079FB6 /* ServiceState.swift */ = {isa = PBXFileReference; lastKnownFileType = sourcecode.swift; path = ServiceState.swift; sourceTree = "<group>"; };
/* End PBXFileReference section */

/* Begin PBXFrameworksBuildPhase section */
		312BFF122967821700DAB5B5 /* Frameworks */ = {
			isa = PBXFrameworksBuildPhase;
			buildActionMask = 2147483647;
			files = (
				31666E8E2994B51700079FB6 /* EventDrivenSwift in Frameworks */,
			);
			runOnlyForDeploymentPostprocessing = 0;
		};
/* End PBXFrameworksBuildPhase section */

/* Begin PBXGroup section */
		312BFF0C2967821700DAB5B5 = {
			isa = PBXGroup;
			children = (
				312BFF172967821700DAB5B5 /* Toothy CLI */,
				312BFF162967821700DAB5B5 /* Products */,
			);
			sourceTree = "<group>";
		};
		312BFF162967821700DAB5B5 /* Products */ = {
			isa = PBXGroup;
			children = (
				312BFF152967821700DAB5B5 /* Toothy CLI */,
			);
			name = Products;
			sourceTree = "<group>";
		};
		312BFF172967821700DAB5B5 /* Toothy CLI */ = {
			isa = PBXGroup;
			children = (
				312BFF182967821700DAB5B5 /* main.swift */,
				31666E822980FB1A00079FB6 /* Central.swift */,
				31666E842980FB4E00079FB6 /* utils.swift */,
				31666E862980FCC500079FB6 /* BluetoothData.swift */,
				31666E882980FDC700079FB6 /* ProxiedPeripheral.swift */,
				31666E8A2980FDFF00079FB6 /* PeripheralProxy.swift */,
				31666E8F29BBCFE200079FB6 /* PeripheralRegistration.swift */,
				31666E9129BEAE2A00079FB6 /* PeripheralRegistry.swift */,
				31666E9329C9165800079FB6 /* State.swift */,
				31666E9529F63E6200079FB6 /* ServicesState.swift */,
				31666E9729F641A400079FB6 /* ServiceState.swift */,
			);
			path = "Toothy CLI";
			sourceTree = "<group>";
		};
/* End PBXGroup section */

/* Begin PBXNativeTarget section */
		312BFF142967821700DAB5B5 /* Toothy CLI */ = {
			isa = PBXNativeTarget;
			buildConfigurationList = 312BFF1C2967821700DAB5B5 /* Build configuration list for PBXNativeTarget "Toothy CLI" */;
			buildPhases = (
				312BFF112967821700DAB5B5 /* Sources */,
				312BFF122967821700DAB5B5 /* Frameworks */,
				312BFF132967821700DAB5B5 /* CopyFiles */,
			);
			buildRules = (
			);
			dependencies = (
			);
			name = "Toothy CLI";
			packageProductDependencies = (
				31666E8D2994B51700079FB6 /* EventDrivenSwift */,
			);
			productName = "Toothy CLI";
			productReference = 312BFF152967821700DAB5B5 /* Toothy CLI */;
			productType = "com.apple.product-type.tool";
		};
/* End PBXNativeTarget section */

/* Begin PBXProject section */
		312BFF0D2967821700DAB5B5 /* Project object */ = {
			isa = PBXProject;
			attributes = {
				BuildIndependentTargetsInParallel = 1;
				LastSwiftUpdateCheck = 1420;
				LastUpgradeCheck = 1420;
				TargetAttributes = {
					312BFF142967821700DAB5B5 = {
						CreatedOnToolsVersion = 14.2;
					};
				};
			};
			buildConfigurationList = 312BFF102967821700DAB5B5 /* Build configuration list for PBXProject "Toothy CLI" */;
			compatibilityVersion = "Xcode 14.0";
			developmentRegion = en;
			hasScannedForEncodings = 0;
			knownRegions = (
				en,
				Base,
			);
			mainGroup = 312BFF0C2967821700DAB5B5;
			packageReferences = (
				31666E8C2994B51700079FB6 /* XCRemoteSwiftPackageReference "EventDrivenSwift" */,
			);
			productRefGroup = 312BFF162967821700DAB5B5 /* Products */;
			projectDirPath = "";
			projectRoot = "";
			targets = (
				312BFF142967821700DAB5B5 /* Toothy CLI */,
			);
		};
/* End PBXProject section */

/* Begin PBXSourcesBuildPhase section */
		312BFF112967821700DAB5B5 /* Sources */ = {
			isa = PBXSourcesBuildPhase;
			buildActionMask = 2147483647;
			files = (
				31666E9629F63E6200079FB6 /* ServicesState.swift in Sources */,
				31666E9229BEAE2A00079FB6 /* PeripheralRegistry.swift in Sources */,
				31666E852980FB4E00079FB6 /* utils.swift in Sources */,
				31666E8B2980FDFF00079FB6 /* PeripheralProxy.swift in Sources */,
				31666E9029BBCFE200079FB6 /* PeripheralRegistration.swift in Sources */,
				312BFF192967821700DAB5B5 /* main.swift in Sources */,
				31666E9429C9165800079FB6 /* State.swift in Sources */,
				31666E892980FDC700079FB6 /* ProxiedPeripheral.swift in Sources */,
				31666E872980FCC500079FB6 /* BluetoothData.swift in Sources */,
				31666E832980FB1A00079FB6 /* Central.swift in Sources */,
				31666E9829F641A400079FB6 /* ServiceState.swift in Sources */,
			);
			runOnlyForDeploymentPostprocessing = 0;
		};
/* End PBXSourcesBuildPhase section */

/* Begin XCBuildConfiguration section */
		312BFF1A2967821700DAB5B5 /* Debug */ = {
			isa = XCBuildConfiguration;
			buildSettings = {
				ALWAYS_SEARCH_USER_PATHS = NO;
				CLANG_ANALYZER_NONNULL = YES;
				CLANG_ANALYZER_NUMBER_OBJECT_CONVERSION = YES_AGGRESSIVE;
				CLANG_CXX_LANGUAGE_STANDARD = "gnu++20";
				CLANG_ENABLE_MODULES = YES;
				CLANG_ENABLE_OBJC_ARC = YES;
				CLANG_ENABLE_OBJC_WEAK = YES;
				CLANG_WARN_BLOCK_CAPTURE_AUTORELEASING = YES;
				CLANG_WARN_BOOL_CONVERSION = YES;
				CLANG_WARN_COMMA = YES;
				CLANG_WARN_CONSTANT_CONVERSION = YES;
				CLANG_WARN_DEPRECATED_OBJC_IMPLEMENTATIONS = YES;
				CLANG_WARN_DIRECT_OBJC_ISA_USAGE = YES_ERROR;
				CLANG_WARN_DOCUMENTATION_COMMENTS = YES;
				CLANG_WARN_EMPTY_BODY = YES;
				CLANG_WARN_ENUM_CONVERSION = YES;
				CLANG_WARN_INFINITE_RECURSION = YES;
				CLANG_WARN_INT_CONVERSION = YES;
				CLANG_WARN_NON_LITERAL_NULL_CONVERSION = YES;
				CLANG_WARN_OBJC_IMPLICIT_RETAIN_SELF = YES;
				CLANG_WARN_OBJC_LITERAL_CONVERSION = YES;
				CLANG_WARN_OBJC_ROOT_CLASS = YES_ERROR;
				CLANG_WARN_QUOTED_INCLUDE_IN_FRAMEWORK_HEADER = YES;
				CLANG_WARN_RANGE_LOOP_ANALYSIS = YES;
				CLANG_WARN_STRICT_PROTOTYPES = YES;
				CLANG_WARN_SUSPICIOUS_MOVE = YES;
				CLANG_WARN_UNGUARDED_AVAILABILITY = YES_AGGRESSIVE;
				CLANG_WARN_UNREACHABLE_CODE = YES;
				CLANG_WARN__DUPLICATE_METHOD_MATCH = YES;
				COPY_PHASE_STRIP = NO;
				DEBUG_INFORMATION_FORMAT = dwarf;
				ENABLE_STRICT_OBJC_MSGSEND = YES;
				ENABLE_TESTABILITY = YES;
				GCC_C_LANGUAGE_STANDARD = gnu11;
				GCC_DYNAMIC_NO_PIC = NO;
				GCC_NO_COMMON_BLOCKS = YES;
				GCC_OPTIMIZATION_LEVEL = 0;
				GCC_PREPROCESSOR_DEFINITIONS = (
					"DEBUG=1",
					"$(inherited)",
				);
				GCC_WARN_64_TO_32_BIT_CONVERSION = YES;
				GCC_WARN_ABOUT_RETURN_TYPE = YES_ERROR;
				GCC_WARN_UNDECLARED_SELECTOR = YES;
				GCC_WARN_UNINITIALIZED_AUTOS = YES_AGGRESSIVE;
				GCC_WARN_UNUSED_FUNCTION = YES;
				GCC_WARN_UNUSED_VARIABLE = YES;
				MACOSX_DEPLOYMENT_TARGET = 13.1;
				MTL_ENABLE_DEBUG_INFO = INCLUDE_SOURCE;
				MTL_FAST_MATH = YES;
				ONLY_ACTIVE_ARCH = YES;
				SDKROOT = macosx;
				SWIFT_ACTIVE_COMPILATION_CONDITIONS = DEBUG;
				SWIFT_OPTIMIZATION_LEVEL = "-Onone";
			};
			name = Debug;
		};
		312BFF1B2967821700DAB5B5 /* Release */ = {
			isa = XCBuildConfiguration;
			buildSettings = {
				ALWAYS_SEARCH_USER_PATHS = NO;
				CLANG_ANALYZER_NONNULL = YES;
				CLANG_ANALYZER_NUMBER_OBJECT_CONVERSION = YES_AGGRESSIVE;
				CLANG_CXX_LANGUAGE_STANDARD = "gnu++20";
				CLANG_ENABLE_MODULES = YES;
				CLANG_ENABLE_OBJC_ARC = YES;
				CLANG_ENABLE_OBJC_WEAK = YES;
				CLANG_WARN_BLOCK_CAPTURE_AUTORELEASING = YES;
				CLANG_WARN_BOOL_CONVERSION = YES;
				CLANG_WARN_COMMA = YES;
				CLANG_WARN_CONSTANT_CONVERSION = YES;
				CLANG_WARN_DEPRECATED_OBJC_IMPLEMENTATIONS = YES;
				CLANG_WARN_DIRECT_OBJC_ISA_USAGE = YES_ERROR;
				CLANG_WARN_DOCUMENTATION_COMMENTS = YES;
				CLANG_WARN_EMPTY_BODY = YES;
				CLANG_WARN_ENUM_CONVERSION = YES;
				CLANG_WARN_INFINITE_RECURSION = YES;
				CLANG_WARN_INT_CONVERSION = YES;
				CLANG_WARN_NON_LITERAL_NULL_CONVERSION = YES;
				CLANG_WARN_OBJC_IMPLICIT_RETAIN_SELF = YES;
				CLANG_WARN_OBJC_LITERAL_CONVERSION = YES;
				CLANG_WARN_OBJC_ROOT_CLASS = YES_ERROR;
				CLANG_WARN_QUOTED_INCLUDE_IN_FRAMEWORK_HEADER = YES;
				CLANG_WARN_RANGE_LOOP_ANALYSIS = YES;
				CLANG_WARN_STRICT_PROTOTYPES = YES;
				CLANG_WARN_SUSPICIOUS_MOVE = YES;
				CLANG_WARN_UNGUARDED_AVAILABILITY = YES_AGGRESSIVE;
				CLANG_WARN_UNREACHABLE_CODE = YES;
				CLANG_WARN__DUPLICATE_METHOD_MATCH = YES;
				COPY_PHASE_STRIP = NO;
				DEBUG_INFORMATION_FORMAT = "dwarf-with-dsym";
				ENABLE_NS_ASSERTIONS = NO;
				ENABLE_STRICT_OBJC_MSGSEND = YES;
				GCC_C_LANGUAGE_STANDARD = gnu11;
				GCC_NO_COMMON_BLOCKS = YES;
				GCC_WARN_64_TO_32_BIT_CONVERSION = YES;
				GCC_WARN_ABOUT_RETURN_TYPE = YES_ERROR;
				GCC_WARN_UNDECLARED_SELECTOR = YES;
				GCC_WARN_UNINITIALIZED_AUTOS = YES_AGGRESSIVE;
				GCC_WARN_UNUSED_FUNCTION = YES;
				GCC_WARN_UNUSED_VARIABLE = YES;
				MACOSX_DEPLOYMENT_TARGET = 13.1;
				MTL_ENABLE_DEBUG_INFO = NO;
				MTL_FAST_MATH = YES;
				SDKROOT = macosx;
				SWIFT_COMPILATION_MODE = wholemodule;
				SWIFT_OPTIMIZATION_LEVEL = "-O";
			};
			name = Release;
		};
		312BFF1D2967821700DAB5B5 /* Debug */ = {
			isa = XCBuildConfiguration;
			buildSettings = {
				CODE_SIGN_STYLE = Automatic;
				DEVELOPMENT_TEAM = 7F8FKGT724;
				ENABLE_HARDENED_RUNTIME = YES;
				PRODUCT_NAME = "$(TARGET_NAME)";
				SWIFT_VERSION = 5.0;
			};
			name = Debug;
		};
		312BFF1E2967821700DAB5B5 /* Release */ = {
			isa = XCBuildConfiguration;
			buildSettings = {
				CODE_SIGN_STYLE = Automatic;
				DEVELOPMENT_TEAM = 7F8FKGT724;
				ENABLE_HARDENED_RUNTIME = YES;
				PRODUCT_NAME = "$(TARGET_NAME)";
				SWIFT_VERSION = 5.0;
			};
			name = Release;
		};
/* End XCBuildConfiguration section */

/* Begin XCConfigurationList section */
		312BFF102967821700DAB5B5 /* Build configuration list for PBXProject "Toothy CLI" */ = {
			isa = XCConfigurationList;
			buildConfigurations = (
				312BFF1A2967821700DAB5B5 /* Debug */,
				312BFF1B2967821700DAB5B5 /* Release */,
			);
			defaultConfigurationIsVisible = 0;
			defaultConfigurationName = Release;
		};
		312BFF1C2967821700DAB5B5 /* Build configuration list for PBXNativeTarget "Toothy CLI" */ = {
			isa = XCConfigurationList;
			buildConfigurations = (
				312BFF1D2967821700DAB5B5 /* Debug */,
				312BFF1E2967821700DAB5B5 /* Release */,
			);
			defaultConfigurationIsVisible = 0;
			defaultConfigurationName = Release;
		};
/* End XCConfigurationList section */

/* Begin XCRemoteSwiftPackageReference section */
		31666E8C2994B51700079FB6 /* XCRemoteSwiftPackageReference "EventDrivenSwift" */ = {
			isa = XCRemoteSwiftPackageReference;
			repositoryURL = "git@github.com:Flowduino/EventDrivenSwift.git";
			requirement = {
				kind = upToNextMajorVersion;
				minimumVersion = 5.0.0;
			};
		};
/* End XCRemoteSwiftPackageReference section */

/* Begin XCSwiftPackageProductDependency section */
		31666E8D2994B51700079FB6 /* EventDrivenSwift */ = {
			isa = XCSwiftPackageProductDependency;
			package = 31666E8C2994B51700079FB6 /* XCRemoteSwiftPackageReference "EventDrivenSwift" */;
			productName = EventDrivenSwift;
		};
/* End XCSwiftPackageProductDependency section */
	};
	rootObject = 312BFF0D2967821700DAB5B5 /* Project object */;
}
